
Microsoft Visual Studio Solution File, Format Version 12.00
# Visual Studio 15
VisualStudioVersion = 15.0.28010.2016
MinimumVisualStudioVersion = 10.0.40219.1
Project("{FAE04EC0-301F-11D3-BF4B-00C04F79EFBC}") = "FarmLAnd Calculator", "FarmLAnd Calculator\FarmLAnd Calculator.csproj", "{3720E28B-6BFA-4A29-ADCB-002BE16B8B9A}"
EndProject
Global
	GlobalSection(SolutionConfigurationPlatforms) = preSolution
		Debug|Any CPU = Debug|Any CPU
		Release|Any CPU = Release|Any CPU
	EndGlobalSection
	GlobalSection(ProjectConfigurationPlatforms) = postSolution
		{3720E28B-6BFA-4A29-ADCB-002BE16B8B9A}.Debug|Any CPU.ActiveCfg = Debug|Any CPU
		{3720E28B-6BFA-4A29-ADCB-002BE16B8B9A}.Debug|Any CPU.Build.0 = Debug|Any CPU
		{3720E28B-6BFA-4A29-ADCB-002BE16B8B9A}.Release|Any CPU.ActiveCfg = Release|Any CPU
		{3720E28B-6BFA-4A29-ADCB-002BE16B8B9A}.Release|Any CPU.Build.0 = Release|Any CPU
	EndGlobalSection
	GlobalSection(SolutionProperties) = preSolution
		HideSolutionNode = FALSE
	EndGlobalSection
	GlobalSection(ExtensibilityGlobals) = postSolution
		SolutionGuid = {5008C9EF-9BD0-4FF3-9834-D4B89AA245F9}
	EndGlobalSection
EndGlobal
